
Microsoft Visual Studio Solution File, Format Version 11.00
# Visual Studio 2010
Project("{FAE04EC0-301F-11D3-BF4B-00C04F79EFBC}") = "SchemaBoard_unity", "Assembly-CSharp.csproj", "{15A88E55-79E2-5C5B-C54A-71B125D461A1}"
EndProject
Project("{FAE04EC0-301F-11D3-BF4B-00C04F79EFBC}") = "SchemaBoard_unity", "Assembly-CSharp-Editor.csproj", "{AD0D3A3C-4298-E08B-38BD-EF1933B21C07}"
EndProject
Global
	GlobalSection(SolutionConfigurationPlatforms) = preSolution
		Debug|Any CPU = Debug|Any CPU
		Release|Any CPU = Release|Any CPU
	EndGlobalSection
	GlobalSection(ProjectConfigurationPlatforms) = postSolution
		{15A88E55-79E2-5C5B-C54A-71B125D461A1}.Debug|Any CPU.ActiveCfg = Debug|Any CPU
		{15A88E55-79E2-5C5B-C54A-71B125D461A1}.Debug|Any CPU.Build.0 = Debug|Any CPU
		{15A88E55-79E2-5C5B-C54A-71B125D461A1}.Release|Any CPU.ActiveCfg = Release|Any CPU
		{15A88E55-79E2-5C5B-C54A-71B125D461A1}.Release|Any CPU.Build.0 = Release|Any CPU
		{AD0D3A3C-4298-E08B-38BD-EF1933B21C07}.Debug|Any CPU.ActiveCfg = Debug|Any CPU
		{AD0D3A3C-4298-E08B-38BD-EF1933B21C07}.Debug|Any CPU.Build.0 = Debug|Any CPU
		{AD0D3A3C-4298-E08B-38BD-EF1933B21C07}.Release|Any CPU.ActiveCfg = Release|Any CPU
		{AD0D3A3C-4298-E08B-38BD-EF1933B21C07}.Release|Any CPU.Build.0 = Release|Any CPU
	EndGlobalSection
	GlobalSection(SolutionProperties) = preSolution
		HideSolutionNode = FALSE
	EndGlobalSection
	GlobalSection(MonoDevelopProperties) = preSolution
		StartupItem = Assembly-CSharp.csproj
	EndGlobalSection
EndGlobal
